
Microsoft Visual Studio Solution File, Format Version 12.00
# Visual Studio Version 17
VisualStudioVersion = 17.9.34728.123
MinimumVisualStudioVersion = 10.0.40219.1
Project("{9A19103F-16F7-4668-BE54-9A1E7A4F7556}") = "Optimizely.Graph.Source.Sdk.Sample", "Optimizely.Graph.Source.Sdk.Sample\Optimizely.Graph.Source.Sdk.Sample.csproj", "{43325CE1-EBA2-4152-B260-11D6F6A3ABAF}"
EndProject
Project("{9A19103F-16F7-4668-BE54-9A1E7A4F7556}") = "Optimizely.Graph.Source.Sdk", "Optimizely.Graph.Source.Sdk\Optimizely.Graph.Source.Sdk.csproj", "{ACF1027C-609A-49D0-9FA6-46534E9F04F7}"
EndProject
Project("{FAE04EC0-301F-11D3-BF4B-00C04F79EFBC}") = "Optimizely.Graph.Source.Sdk.Tests", "Optimizely.Graph.Source.Sdk.Tests\Optimizely.Graph.Source.Sdk.Tests.csproj", "{9C1F28FA-B708-495C-8AD7-46BE944D363D}"
EndProject
Global
	GlobalSection(SolutionConfigurationPlatforms) = preSolution
		Debug|Any CPU = Debug|Any CPU
		Release|Any CPU = Release|Any CPU
	EndGlobalSection
	GlobalSection(ProjectConfigurationPlatforms) = postSolution
		{43325CE1-EBA2-4152-B260-11D6F6A3ABAF}.Debug|Any CPU.ActiveCfg = Debug|Any CPU
		{43325CE1-EBA2-4152-B260-11D6F6A3ABAF}.Debug|Any CPU.Build.0 = Debug|Any CPU
		{43325CE1-EBA2-4152-B260-11D6F6A3ABAF}.Release|Any CPU.ActiveCfg = Release|Any CPU
		{43325CE1-EBA2-4152-B260-11D6F6A3ABAF}.Release|Any CPU.Build.0 = Release|Any CPU
		{ACF1027C-609A-49D0-9FA6-46534E9F04F7}.Debug|Any CPU.ActiveCfg = Debug|Any CPU
		{ACF1027C-609A-49D0-9FA6-46534E9F04F7}.Debug|Any CPU.Build.0 = Debug|Any CPU
		{ACF1027C-609A-49D0-9FA6-46534E9F04F7}.Release|Any CPU.ActiveCfg = Release|Any CPU
		{ACF1027C-609A-49D0-9FA6-46534E9F04F7}.Release|Any CPU.Build.0 = Release|Any CPU
		{9C1F28FA-B708-495C-8AD7-46BE944D363D}.Debug|Any CPU.ActiveCfg = Debug|Any CPU
		{9C1F28FA-B708-495C-8AD7-46BE944D363D}.Debug|Any CPU.Build.0 = Debug|Any CPU
		{9C1F28FA-B708-495C-8AD7-46BE944D363D}.Release|Any CPU.ActiveCfg = Release|Any CPU
		{9C1F28FA-B708-495C-8AD7-46BE944D363D}.Release|Any CPU.Build.0 = Release|Any CPU
	EndGlobalSection
	GlobalSection(SolutionProperties) = preSolution
		HideSolutionNode = FALSE
	EndGlobalSection
	GlobalSection(ExtensibilityGlobals) = postSolution
		SolutionGuid = {282DAC68-0DA7-4418-96CA-A60E6EA2FBD3}
	EndGlobalSection
EndGlobal
